
Microsoft Visual Studio Solution File, Format Version 12.00
# Visual Studio Version 17
VisualStudioVersion = 17.4.33205.214
MinimumVisualStudioVersion = 10.0.40219.1
Project("{FAE04EC0-301F-11D3-BF4B-00C04F79EFBC}") = "FileUploadTrigger", "FileUploadTrigger\FileUploadTrigger.csproj", "{4FC36EC5-3155-4089-A51A-A6E0F4E6448D}"
EndProject
Global
	GlobalSection(SolutionConfigurationPlatforms) = preSolution
		Debug|Any CPU = Debug|Any CPU
		Release|Any CPU = Release|Any CPU
	EndGlobalSection
	GlobalSection(ProjectConfigurationPlatforms) = postSolution
		{4FC36EC5-3155-4089-A51A-A6E0F4E6448D}.Debug|Any CPU.ActiveCfg = Debug|Any CPU
		{4FC36EC5-3155-4089-A51A-A6E0F4E6448D}.Debug|Any CPU.Build.0 = Debug|Any CPU
		{4FC36EC5-3155-4089-A51A-A6E0F4E6448D}.Release|Any CPU.ActiveCfg = Release|Any CPU
		{4FC36EC5-3155-4089-A51A-A6E0F4E6448D}.Release|Any CPU.Build.0 = Release|Any CPU
	EndGlobalSection
	GlobalSection(SolutionProperties) = preSolution
		HideSolutionNode = FALSE
	EndGlobalSection
	GlobalSection(ExtensibilityGlobals) = postSolution
		SolutionGuid = {9A52C61B-6157-4EF2-8976-24F36A2A3439}
	EndGlobalSection
EndGlobal
